
Microsoft Visual Studio Solution File, Format Version 12.00
# Visual Studio Version 17
VisualStudioVersion = 17.14.36623.8 d17.14
MinimumVisualStudioVersion = 10.0.40219.1
Project("{FAE04EC0-301F-11D3-BF4B-00C04F79EFBC}") = "Play", "Play\Play.csproj", "{6355362F-8AF2-4364-8E0C-F5F916C0FB44}"
EndProject
Global
	GlobalSection(SolutionConfigurationPlatforms) = preSolution
		Debug|Any CPU = Debug|Any CPU
		Release|Any CPU = Release|Any CPU
	EndGlobalSection
	GlobalSection(ProjectConfigurationPlatforms) = postSolution
		{6355362F-8AF2-4364-8E0C-F5F916C0FB44}.Debug|Any CPU.ActiveCfg = Debug|Any CPU
		{6355362F-8AF2-4364-8E0C-F5F916C0FB44}.Debug|Any CPU.Build.0 = Debug|Any CPU
		{6355362F-8AF2-4364-8E0C-F5F916C0FB44}.Release|Any CPU.ActiveCfg = Release|Any CPU
		{6355362F-8AF2-4364-8E0C-F5F916C0FB44}.Release|Any CPU.Build.0 = Release|Any CPU
	EndGlobalSection
	GlobalSection(SolutionProperties) = preSolution
		HideSolutionNode = FALSE
	EndGlobalSection
	GlobalSection(ExtensibilityGlobals) = postSolution
		SolutionGuid = {D0CC9A40-CB30-44DB-AB33-6E3DDBD1C26C}
	EndGlobalSection
EndGlobal
